// !$*UTF8*$!
{
	archiveVersion = 1;
	classes = {
	};
	objectVersion = 77;
	objects = {

/* Begin PBXContainerItemProxy section */
		6E7BB5FB2E20DD8500198332 /* PBXContainerItemProxy */ = {
			isa = PBXContainerItemProxy;
			containerPortal = 6E7BB5E52E20DD8300198332 /* Project object */;
			proxyType = 1;
			remoteGlobalIDString = 6E7BB5EC2E20DD8300198332;
			remoteInfo = "Engine Whisperer";
		};
		6E7BB6052E20DD8500198332 /* PBXContainerItemProxy */ = {
			isa = PBXContainerItemProxy;
			containerPortal = 6E7BB5E52E20DD8300198332 /* Project object */;
			proxyType = 1;
			remoteGlobalIDString = 6E7BB5EC2E20DD8300198332;
			remoteInfo = "Engine Whisperer";
		};
/* End PBXContainerItemProxy section */

/* Begin PBXFileReference section */
		6E7BB5ED2E20DD8300198332 /* Engine Whisperer.app */ = {isa = PBXFileReference; explicitFileType = wrapper.application; includeInIndex = 0; path = "Engine Whisperer.app"; sourceTree = BUILT_PRODUCTS_DIR; };
		6E7BB5FA2E20DD8500198332 /* Engine WhispererTests.xctest */ = {isa = PBXFileReference; explicitFileType = wrapper.cfbundle; includeInIndex = 0; path = "Engine WhispererTests.xctest"; sourceTree = BUILT_PRODUCTS_DIR; };
		6E7BB6042E20DD8500198332 /* Engine WhispererUITests.xctest */ = {isa = PBXFileReference; explicitFileType = wrapper.cfbundle; includeInIndex = 0; path = "Engine WhispererUITests.xctest"; sourceTree = BUILT_PRODUCTS_DIR; };
/* End PBXFileReference section */

/* Begin PBXFileSystemSynchronizedRootGroup section */
		6E7BB5EF2E20DD8300198332 /* Engine Whisperer */ = {
			isa = PBXFileSystemSynchronizedRootGroup;
			path = "Engine Whisperer";
			sourceTree = "<group>";
		};
		6E7BB5FD2E20DD8500198332 /* Engine WhispererTests */ = {
			isa = PBXFileSystemSynchronizedRootGroup;
			path = "Engine WhispererTests";
			sourceTree = "<group>";
		};
		6E7BB6072E20DD8500198332 /* Engine WhispererUITests */ = {
			isa = PBXFileSystemSynchronizedRootGroup;
			path = "Engine WhispererUITests";
			sourceTree = "<group>";
		};
/* End PBXFileSystemSynchronizedRootGroup section */

/* Begin PBXFrameworksBuildPhase section */
		6E7BB5EA2E20DD8300198332 /* Frameworks */ = {
			isa = PBXFrameworksBuildPhase;
			buildActionMask = 2147483647;
			files = (
			);
			runOnlyForDeploymentPostprocessing = 0;
		};
		6E7BB5F72E20DD8500198332 /* Frameworks */ = {
			isa = PBXFrameworksBuildPhase;
			buildActionMask = 2147483647;
			files = (
			);
			runOnlyForDeploymentPostprocessing = 0;
		};
		6E7BB6012E20DD8500198332 /* Frameworks */ = {
			isa = PBXFrameworksBuildPhase;
			buildActionMask = 2147483647;
			files = (
			);
			runOnlyForDeploymentPostprocessing = 0;
		};
/* End PBXFrameworksBuildPhase section */

/* Begin PBXGroup section */
		6E7BB5E42E20DD8300198332 = {
			isa = PBXGroup;
			children = (
				6E7BB5EF2E20DD8300198332 /* Engine Whisperer */,
				6E7BB5FD2E20DD8500198332 /* Engine WhispererTests */,
				6E7BB6072E20DD8500198332 /* Engine WhispererUITests */,
				6E7BB5EE2E20DD8300198332 /* Products */,
			);
			sourceTree = "<group>";
		};
		6E7BB5EE2E20DD8300198332 /* Products */ = {
			isa = PBXGroup;
			children = (
				6E7BB5ED2E20DD8300198332 /* Engine Whisperer.app */,
				6E7BB5FA2E20DD8500198332 /* Engine WhispererTests.xctest */,
				6E7BB6042E20DD8500198332 /* Engine WhispererUITests.xctest */,
			);
			name = Products;
			sourceTree = "<group>";
		};
/* End PBXGroup section */

/* Begin PBXNativeTarget section */
		6E7BB5EC2E20DD8300198332 /* Engine Whisperer */ = {
			isa = PBXNativeTarget;
			buildConfigurationList = 6E7BB60E2E20DD8500198332 /* Build configuration list for PBXNativeTarget "Engine Whisperer" */;
			buildPhases = (
				6E7BB5E92E20DD8300198332 /* Sources */,
				6E7BB5EA2E20DD8300198332 /* Frameworks */,
				6E7BB5EB2E20DD8300198332 /* Resources */,
			);
			buildRules = (
			);
			dependencies = (
			);
			fileSystemSynchronizedGroups = (
				6E7BB5EF2E20DD8300198332 /* Engine Whisperer */,
			);
			name = "Engine Whisperer";
			packageProductDependencies = (
			);
			productName = "Engine Whisperer";
			productReference = 6E7BB5ED2E20DD8300198332 /* Engine Whisperer.app */;
			productType = "com.apple.product-type.application";
		};
		6E7BB5F92E20DD8500198332 /* Engine WhispererTests */ = {
			isa = PBXNativeTarget;
			buildConfigurationList = 6E7BB6112E20DD8500198332 /* Build configuration list for PBXNativeTarget "Engine WhispererTests" */;
			buildPhases = (
				6E7BB5F62E20DD8500198332 /* Sources */,
				6E7BB5F72E20DD8500198332 /* Frameworks */,
				6E7BB5F82E20DD8500198332 /* Resources */,
			);
			buildRules = (
			);
			dependencies = (
				6E7BB5FC2E20DD8500198332 /* PBXTargetDependency */,
			);
			fileSystemSynchronizedGroups = (
				6E7BB5FD2E20DD8500198332 /* Engine WhispererTests */,
			);
			name = "Engine WhispererTests";
			packageProductDependencies = (
			);
			productName = "Engine WhispererTests";
			productReference = 6E7BB5FA2E20DD8500198332 /* Engine WhispererTests.xctest */;
			productType = "com.apple.product-type.bundle.unit-test";
		};
		6E7BB6032E20DD8500198332 /* Engine WhispererUITests */ = {
			isa = PBXNativeTarget;
			buildConfigurationList = 6E7BB6142E20DD8500198332 /* Build configuration list for PBXNativeTarget "Engine WhispererUITests" */;
			buildPhases = (
				6E7BB6002E20DD8500198332 /* Sources */,
				6E7BB6012E20DD8500198332 /* Frameworks */,
				6E7BB6022E20DD8500198332 /* Resources */,
			);
			buildRules = (
			);
			dependencies = (
				6E7BB6062E20DD8500198332 /* PBXTargetDependency */,
			);
			fileSystemSynchronizedGroups = (
				6E7BB6072E20DD8500198332 /* Engine WhispererUITests */,
			);
			name = "Engine WhispererUITests";
			packageProductDependencies = (
			);
			productName = "Engine WhispererUITests";
			productReference = 6E7BB6042E20DD8500198332 /* Engine WhispererUITests.xctest */;
			productType = "com.apple.product-type.bundle.ui-testing";
		};
/* End PBXNativeTarget section */

/* Begin PBXProject section */
		6E7BB5E52E20DD8300198332 /* Project object */ = {
			isa = PBXProject;
			attributes = {
				BuildIndependentTargetsInParallel = 1;
				LastSwiftUpdateCheck = 1630;
				LastUpgradeCheck = 1630;
				TargetAttributes = {
					6E7BB5EC2E20DD8300198332 = {
						CreatedOnToolsVersion = 16.3;
					};
					6E7BB5F92E20DD8500198332 = {
						CreatedOnToolsVersion = 16.3;
						TestTargetID = 6E7BB5EC2E20DD8300198332;
					};
					6E7BB6032E20DD8500198332 = {
						CreatedOnToolsVersion = 16.3;
						TestTargetID = 6E7BB5EC2E20DD8300198332;
					};
				};
			};
			buildConfigurationList = 6E7BB5E82E20DD8300198332 /* Build configuration list for PBXProject "Engine Whisperer" */;
			developmentRegion = en;
			hasScannedForEncodings = 0;
			knownRegions = (
				en,
				Base,
			);
			mainGroup = 6E7BB5E42E20DD8300198332;
			minimizedProjectReferenceProxies = 1;
			preferredProjectObjectVersion = 77;
			productRefGroup = 6E7BB5EE2E20DD8300198332 /* Products */;
			projectDirPath = "";
			projectRoot = "";
			targets = (
				6E7BB5EC2E20DD8300198332 /* Engine Whisperer */,
				6E7BB5F92E20DD8500198332 /* Engine WhispererTests */,
				6E7BB6032E20DD8500198332 /* Engine WhispererUITests */,
			);
		};
/* End PBXProject section */

/* Begin PBXResourcesBuildPhase section */
		6E7BB5EB2E20DD8300198332 /* Resources */ = {
			isa = PBXResourcesBuildPhase;
			buildActionMask = 2147483647;
			files = (
			);
			runOnlyForDeploymentPostprocessing = 0;
		};
		6E7BB5F82E20DD8500198332 /* Resources */ = {
			isa = PBXResourcesBuildPhase;
			buildActionMask = 2147483647;
			files = (
			);
			runOnlyForDeploymentPostprocessing = 0;
		};
		6E7BB6022E20DD8500198332 /* Resources */ = {
			isa = PBXResourcesBuildPhase;
			buildActionMask = 2147483647;
			files = (
			);
			runOnlyForDeploymentPostprocessing = 0;
		};
/* End PBXResourcesBuildPhase section */

/* Begin PBXSourcesBuildPhase section */
		6E7BB5E92E20DD8300198332 /* Sources */ = {
			isa = PBXSourcesBuildPhase;
			buildActionMask = 2147483647;
			files = (
			);
			runOnlyForDeploymentPostprocessing = 0;
		};
		6E7BB5F62E20DD8500198332 /* Sources */ = {
			isa = PBXSourcesBuildPhase;
			buildActionMask = 2147483647;
			files = (
			);
			runOnlyForDeploymentPostprocessing = 0;
		};
		6E7BB6002E20DD8500198332 /* Sources */ = {
			isa = PBXSourcesBuildPhase;
			buildActionMask = 2147483647;
			files = (
			);
			runOnlyForDeploymentPostprocessing = 0;
		};
/* End PBXSourcesBuildPhase section */

/* Begin PBXTargetDependency section */
		6E7BB5FC2E20DD8500198332 /* PBXTargetDependency */ = {
			isa = PBXTargetDependency;
			target = 6E7BB5EC2E20DD8300198332 /* Engine Whisperer */;
			targetProxy = 6E7BB5FB2E20DD8500198332 /* PBXContainerItemProxy */;
		};
		6E7BB6062E20DD8500198332 /* PBXTargetDependency */ = {
			isa = PBXTargetDependency;
			target = 6E7BB5EC2E20DD8300198332 /* Engine Whisperer */;
			targetProxy = 6E7BB6052E20DD8500198332 /* PBXContainerItemProxy */;
		};
/* End PBXTargetDependency section */

/* Begin XCBuildConfiguration section */
		6E7BB60C2E20DD8500198332 /* Debug */ = {
			isa = XCBuildConfiguration;
			buildSettings = {
				ALWAYS_SEARCH_USER_PATHS = NO;
				ASSETCATALOG_COMPILER_GENERATE_SWIFT_ASSET_SYMBOL_EXTENSIONS = YES;
				CLANG_ANALYZER_NONNULL = YES;
				CLANG_ANALYZER_NUMBER_OBJECT_CONVERSION = YES_AGGRESSIVE;
				CLANG_CXX_LANGUAGE_STANDARD = "gnu++20";
				CLANG_ENABLE_MODULES = YES;
				CLANG_ENABLE_OBJC_ARC = YES;
				CLANG_ENABLE_OBJC_WEAK = YES;
				CLANG_WARN_BLOCK_CAPTURE_AUTORELEASING = YES;
				CLANG_WARN_BOOL_CONVERSION = YES;
				CLANG_WARN_COMMA = YES;
				CLANG_WARN_CONSTANT_CONVERSION = YES;
				CLANG_WARN_DEPRECATED_OBJC_IMPLEMENTATIONS = YES;
				CLANG_WARN_DIRECT_OBJC_ISA_USAGE = YES_ERROR;
				CLANG_WARN_DOCUMENTATION_COMMENTS = YES;
				CLANG_WARN_EMPTY_BODY = YES;
				CLANG_WARN_ENUM_CONVERSION = YES;
				CLANG_WARN_INFINITE_RECURSION = YES;
				CLANG_WARN_INT_CONVERSION = YES;
				CLANG_WARN_NON_LITERAL_NULL_CONVERSION = YES;
				CLANG_WARN_OBJC_IMPLICIT_RETAIN_SELF = YES;
				CLANG_WARN_OBJC_LITERAL_CONVERSION = YES;
				CLANG_WARN_OBJC_ROOT_CLASS = YES_ERROR;
				CLANG_WARN_QUOTED_INCLUDE_IN_FRAMEWORK_HEADER = YES;
				CLANG_WARN_RANGE_LOOP_ANALYSIS = YES;
				CLANG_WARN_STRICT_PROTOTYPES = YES;
				CLANG_WARN_SUSPICIOUS_MOVE = YES;
				CLANG_WARN_UNGUARDED_AVAILABILITY = YES_AGGRESSIVE;
				CLANG_WARN_UNREACHABLE_CODE = YES;
				CLANG_WARN__DUPLICATE_METHOD_MATCH = YES;
				COPY_PHASE_STRIP = NO;
				DEBUG_INFORMATION_FORMAT = dwarf;
				DEVELOPMENT_TEAM = KZCC7X6V4L;
				ENABLE_STRICT_OBJC_MSGSEND = YES;
				ENABLE_TESTABILITY = YES;
				ENABLE_USER_SCRIPT_SANDBOXING = YES;
				GCC_C_LANGUAGE_STANDARD = gnu17;
				GCC_DYNAMIC_NO_PIC = NO;
				GCC_NO_COMMON_BLOCKS = YES;
				GCC_OPTIMIZATION_LEVEL = 0;
				GCC_PREPROCESSOR_DEFINITIONS = (
					"DEBUG=1",
					"$(inherited)",
				);
				GCC_WARN_64_TO_32_BIT_CONVERSION = YES;
				GCC_WARN_ABOUT_RETURN_TYPE = YES_ERROR;
				GCC_WARN_UNDECLARED_SELECTOR = YES;
				GCC_WARN_UNINITIALIZED_AUTOS = YES_AGGRESSIVE;
				GCC_WARN_UNUSED_FUNCTION = YES;
				GCC_WARN_UNUSED_VARIABLE = YES;
				IPHONEOS_DEPLOYMENT_TARGET = 18.4;
				LOCALIZATION_PREFERS_STRING_CATALOGS = YES;
				MTL_ENABLE_DEBUG_INFO = INCLUDE_SOURCE;
				MTL_FAST_MATH = YES;
				ONLY_ACTIVE_ARCH = YES;
				SDKROOT = iphoneos;
				SWIFT_ACTIVE_COMPILATION_CONDITIONS = "DEBUG $(inherited)";
				SWIFT_OPTIMIZATION_LEVEL = "-Onone";
			};
			name = Debug;
		};
		6E7BB60D2E20DD8500198332 /* Release */ = {
			isa = XCBuildConfiguration;
			buildSettings = {
				ALWAYS_SEARCH_USER_PATHS = NO;
				ASSETCATALOG_COMPILER_GENERATE_SWIFT_ASSET_SYMBOL_EXTENSIONS = YES;
				CLANG_ANALYZER_NONNULL = YES;
				CLANG_ANALYZER_NUMBER_OBJECT_CONVERSION = YES_AGGRESSIVE;
				CLANG_CXX_LANGUAGE_STANDARD = "gnu++20";
				CLANG_ENABLE_MODULES = YES;
				CLANG_ENABLE_OBJC_ARC = YES;
				CLANG_ENABLE_OBJC_WEAK = YES;
				CLANG_WARN_BLOCK_CAPTURE_AUTORELEASING = YES;
				CLANG_WARN_BOOL_CONVERSION = YES;
				CLANG_WARN_COMMA = YES;
				CLANG_WARN_CONSTANT_CONVERSION = YES;
				CLANG_WARN_DEPRECATED_OBJC_IMPLEMENTATIONS = YES;
				CLANG_WARN_DIRECT_OBJC_ISA_USAGE = YES_ERROR;
				CLANG_WARN_DOCUMENTATION_COMMENTS = YES;
				CLANG_WARN_EMPTY_BODY = YES;
				CLANG_WARN_ENUM_CONVERSION = YES;
				CLANG_WARN_INFINITE_RECURSION = YES;
				CLANG_WARN_INT_CONVERSION = YES;
				CLANG_WARN_NON_LITERAL_NULL_CONVERSION = YES;
				CLANG_WARN_OBJC_IMPLICIT_RETAIN_SELF = YES;
				CLANG_WARN_OBJC_LITERAL_CONVERSION = YES;
				CLANG_WARN_OBJC_ROOT_CLASS = YES_ERROR;
				CLANG_WARN_QUOTED_INCLUDE_IN_FRAMEWORK_HEADER = YES;
				CLANG_WARN_RANGE_LOOP_ANALYSIS = YES;
				CLANG_WARN_STRICT_PROTOTYPES = YES;
				CLANG_WARN_SUSPICIOUS_MOVE = YES;
				CLANG_WARN_UNGUARDED_AVAILABILITY = YES_AGGRESSIVE;
				CLANG_WARN_UNREACHABLE_CODE = YES;
				CLANG_WARN__DUPLICATE_METHOD_MATCH = YES;
				COPY_PHASE_STRIP = NO;
				DEBUG_INFORMATION_FORMAT = "dwarf-with-dsym";
				DEVELOPMENT_TEAM = KZCC7X6V4L;
				ENABLE_NS_ASSERTIONS = NO;
				ENABLE_STRICT_OBJC_MSGSEND = YES;
				ENABLE_USER_SCRIPT_SANDBOXING = YES;
				GCC_C_LANGUAGE_STANDARD = gnu17;
				GCC_NO_COMMON_BLOCKS = YES;
				GCC_WARN_64_TO_32_BIT_CONVERSION = YES;
				GCC_WARN_ABOUT_RETURN_TYPE = YES_ERROR;
				GCC_WARN_UNDECLARED_SELECTOR = YES;
				GCC_WARN_UNINITIALIZED_AUTOS = YES_AGGRESSIVE;
				GCC_WARN_UNUSED_FUNCTION = YES;
				GCC_WARN_UNUSED_VARIABLE = YES;
				IPHONEOS_DEPLOYMENT_TARGET = 18.4;
				LOCALIZATION_PREFERS_STRING_CATALOGS = YES;
				MTL_ENABLE_DEBUG_INFO = NO;
				MTL_FAST_MATH = YES;
				SDKROOT = iphoneos;
				SWIFT_COMPILATION_MODE = wholemodule;
				VALIDATE_PRODUCT = YES;
			};
			name = Release;
		};
		6E7BB60F2E20DD8500198332 /* Debug */ = {
			isa = XCBuildConfiguration;
			buildSettings = {
				ASSETCATALOG_COMPILER_APPICON_NAME = AppIcon;
				ASSETCATALOG_COMPILER_GLOBAL_ACCENT_COLOR_NAME = AccentColor;
				CODE_SIGN_STYLE = Automatic;
				CURRENT_PROJECT_VERSION = 1;
				DEVELOPMENT_TEAM = KZCC7X6V4L;
				ENABLE_PREVIEWS = YES;
				GENERATE_INFOPLIST_FILE = YES;
				INFOPLIST_KEY_NSMicrophoneUsageDescription = "Приложению необходим доступ к микрофону для анализа звука двигателя автомобиля и диагностики его состояния.";
				INFOPLIST_KEY_UIApplicationSceneManifest_Generation = YES;
				INFOPLIST_KEY_UIApplicationSupportsIndirectInputEvents = YES;
				INFOPLIST_KEY_UILaunchScreen_Generation = YES;
				INFOPLIST_KEY_UIStatusBarStyle = "";
				INFOPLIST_KEY_UISupportedInterfaceOrientations_iPad = "UIInterfaceOrientationPortrait UIInterfaceOrientationPortraitUpsideDown UIInterfaceOrientationLandscapeLeft UIInterfaceOrientationLandscapeRight";
				INFOPLIST_KEY_UISupportedInterfaceOrientations_iPhone = "UIInterfaceOrientationPortrait UIInterfaceOrientationLandscapeLeft UIInterfaceOrientationLandscapeRight";
				LD_RUNPATH_SEARCH_PATHS = (
					"$(inherited)",
					"@executable_path/Frameworks",
				);
				MARKETING_VERSION = 1.0;
				PRODUCT_BUNDLE_IDENTIFIER = "Shizzzoid-Develop.Engine-Whisperer";
				PRODUCT_NAME = "$(TARGET_NAME)";
				SWIFT_EMIT_LOC_STRINGS = YES;
				SWIFT_VERSION = 5.0;
				TARGETED_DEVICE_FAMILY = "1,2";
			};
			name = Debug;
		};
		6E7BB6102E20DD8500198332 /* Release */ = {
			isa = XCBuildConfiguration;
			buildSettings = {
				ASSETCATALOG_COMPILER_APPICON_NAME = AppIcon;
				ASSETCATALOG_COMPILER_GLOBAL_ACCENT_COLOR_NAME = AccentColor;
				CODE_SIGN_STYLE = Automatic;
				CURRENT_PROJECT_VERSION = 1;
				DEVELOPMENT_TEAM = KZCC7X6V4L;
				ENABLE_PREVIEWS = YES;
				GENERATE_INFOPLIST_FILE = YES;
				INFOPLIST_KEY_NSMicrophoneUsageDescription = "Приложению необходим доступ к микрофону для анализа звука двигателя автомобиля и диагностики его состояния.";
				INFOPLIST_KEY_UIApplicationSceneManifest_Generation = YES;
				INFOPLIST_KEY_UIApplicationSupportsIndirectInputEvents = YES;
				INFOPLIST_KEY_UILaunchScreen_Generation = YES;
				INFOPLIST_KEY_UIStatusBarStyle = "";
				INFOPLIST_KEY_UISupportedInterfaceOrientations_iPad = "UIInterfaceOrientationPortrait UIInterfaceOrientationPortraitUpsideDown UIInterfaceOrientationLandscapeLeft UIInterfaceOrientationLandscapeRight";
				INFOPLIST_KEY_UISupportedInterfaceOrientations_iPhone = "UIInterfaceOrientationPortrait UIInterfaceOrientationLandscapeLeft UIInterfaceOrientationLandscapeRight";
				LD_RUNPATH_SEARCH_PATHS = (
					"$(inherited)",
					"@executable_path/Frameworks",
				);
				MARKETING_VERSION = 1.0;
				PRODUCT_BUNDLE_IDENTIFIER = "Shizzzoid-Develop.Engine-Whisperer";
				PRODUCT_NAME = "$(TARGET_NAME)";
				SWIFT_EMIT_LOC_STRINGS = YES;
				SWIFT_VERSION = 5.0;
				TARGETED_DEVICE_FAMILY = "1,2";
			};
			name = Release;
		};
		6E7BB6122E20DD8500198332 /* Debug */ = {
			isa = XCBuildConfiguration;
			buildSettings = {
				BUNDLE_LOADER = "$(TEST_HOST)";
				CODE_SIGN_STYLE = Automatic;
				CURRENT_PROJECT_VERSION = 1;
				DEVELOPMENT_TEAM = KZCC7X6V4L;
				GENERATE_INFOPLIST_FILE = YES;
				IPHONEOS_DEPLOYMENT_TARGET = 18.4;
				MARKETING_VERSION = 1.0;
				PRODUCT_BUNDLE_IDENTIFIER = "Shizzzoid-Develop.Engine-WhispererTests";
				PRODUCT_NAME = "$(TARGET_NAME)";
				SWIFT_EMIT_LOC_STRINGS = NO;
				SWIFT_VERSION = 5.0;
				TARGETED_DEVICE_FAMILY = "1,2";
				TEST_HOST = "$(BUILT_PRODUCTS_DIR)/Engine Whisperer.app/$(BUNDLE_EXECUTABLE_FOLDER_PATH)/Engine Whisperer";
			};
			name = Debug;
		};
		6E7BB6132E20DD8500198332 /* Release */ = {
			isa = XCBuildConfiguration;
			buildSettings = {
				BUNDLE_LOADER = "$(TEST_HOST)";
				CODE_SIGN_STYLE = Automatic;
				CURRENT_PROJECT_VERSION = 1;
				DEVELOPMENT_TEAM = KZCC7X6V4L;
				GENERATE_INFOPLIST_FILE = YES;
				IPHONEOS_DEPLOYMENT_TARGET = 18.4;
				MARKETING_VERSION = 1.0;
				PRODUCT_BUNDLE_IDENTIFIER = "Shizzzoid-Develop.Engine-WhispererTests";
				PRODUCT_NAME = "$(TARGET_NAME)";
				SWIFT_EMIT_LOC_STRINGS = NO;
				SWIFT_VERSION = 5.0;
				TARGETED_DEVICE_FAMILY = "1,2";
				TEST_HOST = "$(BUILT_PRODUCTS_DIR)/Engine Whisperer.app/$(BUNDLE_EXECUTABLE_FOLDER_PATH)/Engine Whisperer";
			};
			name = Release;
		};
		6E7BB6152E20DD8500198332 /* Debug */ = {
			isa = XCBuildConfiguration;
			buildSettings = {
				CODE_SIGN_STYLE = Automatic;
				CURRENT_PROJECT_VERSION = 1;
				DEVELOPMENT_TEAM = KZCC7X6V4L;
				GENERATE_INFOPLIST_FILE = YES;
				MARKETING_VERSION = 1.0;
				PRODUCT_BUNDLE_IDENTIFIER = "Shizzzoid-Develop.Engine-WhispererUITests";
				PRODUCT_NAME = "$(TARGET_NAME)";
				SWIFT_EMIT_LOC_STRINGS = NO;
				SWIFT_VERSION = 5.0;
				TARGETED_DEVICE_FAMILY = "1,2";
				TEST_TARGET_NAME = "Engine Whisperer";
			};
			name = Debug;
		};
		6E7BB6162E20DD8500198332 /* Release */ = {
			isa = XCBuildConfiguration;
			buildSettings = {
				CODE_SIGN_STYLE = Automatic;
				CURRENT_PROJECT_VERSION = 1;
				DEVELOPMENT_TEAM = KZCC7X6V4L;
				GENERATE_INFOPLIST_FILE = YES;
				MARKETING_VERSION = 1.0;
				PRODUCT_BUNDLE_IDENTIFIER = "Shizzzoid-Develop.Engine-WhispererUITests";
				PRODUCT_NAME = "$(TARGET_NAME)";
				SWIFT_EMIT_LOC_STRINGS = NO;
				SWIFT_VERSION = 5.0;
				TARGETED_DEVICE_FAMILY = "1,2";
				TEST_TARGET_NAME = "Engine Whisperer";
			};
			name = Release;
		};
/* End XCBuildConfiguration section */

/* Begin XCConfigurationList section */
		6E7BB5E82E20DD8300198332 /* Build configuration list for PBXProject "Engine Whisperer" */ = {
			isa = XCConfigurationList;
			buildConfigurations = (
				6E7BB60C2E20DD8500198332 /* Debug */,
				6E7BB60D2E20DD8500198332 /* Release */,
			);
			defaultConfigurationIsVisible = 0;
			defaultConfigurationName = Release;
		};
		6E7BB60E2E20DD8500198332 /* Build configuration list for PBXNativeTarget "Engine Whisperer" */ = {
			isa = XCConfigurationList;
			buildConfigurations = (
				6E7BB60F2E20DD8500198332 /* Debug */,
				6E7BB6102E20DD8500198332 /* Release */,
			);
			defaultConfigurationIsVisible = 0;
			defaultConfigurationName = Release;
		};
		6E7BB6112E20DD8500198332 /* Build configuration list for PBXNativeTarget "Engine WhispererTests" */ = {
			isa = XCConfigurationList;
			buildConfigurations = (
				6E7BB6122E20DD8500198332 /* Debug */,
				6E7BB6132E20DD8500198332 /* Release */,
			);
			defaultConfigurationIsVisible = 0;
			defaultConfigurationName = Release;
		};
		6E7BB6142E20DD8500198332 /* Build configuration list for PBXNativeTarget "Engine WhispererUITests" */ = {
			isa = XCConfigurationList;
			buildConfigurations = (
				6E7BB6152E20DD8500198332 /* Debug */,
				6E7BB6162E20DD8500198332 /* Release */,
			);
			defaultConfigurationIsVisible = 0;
			defaultConfigurationName = Release;
		};
/* End XCConfigurationList section */
	};
	rootObject = 6E7BB5E52E20DD8300198332 /* Project object */;
}
